
Microsoft Visual Studio Solution File, Format Version 12.00
# Visual Studio Version 18
VisualStudioVersion = 18.3.11429.125
MinimumVisualStudioVersion = 10.0.40219.1
Project("{2150E333-8FDC-42A3-9474-1A3956D46DE8}") = "BuildingBlocks", "BuildingBlocks", "{06511080-D0B7-4EF0-9EFE-300F2D376356}"
EndProject
Project("{2150E333-8FDC-42A3-9474-1A3956D46DE8}") = "tests", "tests", "{A69CCAD0-4BEA-4D97-8372-C317A37BDAE3}"
EndProject
Project("{2150E333-8FDC-42A3-9474-1A3956D46DE8}") = "gateways", "gateways", "{6889657D-8413-45CD-A036-A056A77525EB}"
EndProject
Project("{2150E333-8FDC-42A3-9474-1A3956D46DE8}") = "Docker", "Docker", "{93FA4707-423F-44D1-8205-FD245A6E7155}"
	ProjectSection(SolutionItems) = preProject
		compose-override.yaml = compose-override.yaml
		compose.yaml = compose.yaml
	EndProjectSection
EndProject
Project("{FAE04EC0-301F-11D3-BF4B-00C04F79EFBC}") = "BuildingBlocks.Core", "BuildingBlocks\BuildingBlocks.Core\BuildingBlocks.Core.csproj", "{DC33858A-3E2F-436B-8613-B6B391394807}"
EndProject
Project("{FAE04EC0-301F-11D3-BF4B-00C04F79EFBC}") = "BuildingBlocks.Identity", "BuildingBlocks\BuildingBlocks.Identity\BuildingBlocks.Identity.csproj", "{7C881512-B346-40A5-AA71-C413C2323BF2}"
EndProject
Project("{2150E333-8FDC-42A3-9474-1A3956D46DE8}") = "Services", "Services", "{8AA380D3-7801-403E-93AB-4EC2137EF1EA}"
EndProject
Project("{2150E333-8FDC-42A3-9474-1A3956D46DE8}") = "Users", "Users", "{07DFCBA0-8629-449C-8A1F-BCFC8759A14B}"
EndProject
Project("{2150E333-8FDC-42A3-9474-1A3956D46DE8}") = "Corejudge", "Corejudge", "{5BDC0C14-67C5-4819-B4FC-E89F48914BE4}"
EndProject
Project("{FAE04EC0-301F-11D3-BF4B-00C04F79EFBC}") = "Users.API", "Services\Users\User.API\Users.API.csproj", "{1DEB1EF7-EB1B-4291-A8E7-E94B53576FED}"
EndProject
Project("{FAE04EC0-301F-11D3-BF4B-00C04F79EFBC}") = "CoreJudge.API", "Services\CoreJudge\CoreJudge.API\CoreJudge.API.csproj", "{76D4AEC6-49B4-4B51-AA5E-544BFE57DBD1}"
EndProject
Project("{FAE04EC0-301F-11D3-BF4B-00C04F79EFBC}") = "CoreJudge.Domain", "Services\CoreJudge\CoreJudge.Domain\CoreJudge.Domain.csproj", "{1AD98CDF-9A01-488D-AF9D-922D25C2DAE7}"
EndProject
Project("{FAE04EC0-301F-11D3-BF4B-00C04F79EFBC}") = "CoreJudge.Application", "Services\CoreJudge\CoreJudge.Application\CoreJudge.Application.csproj", "{1BEA9752-2322-4CC3-9F54-36BC9EAEF394}"
EndProject
Project("{FAE04EC0-301F-11D3-BF4B-00C04F79EFBC}") = "CoreJudge.Infrastructure", "Services\CoreJudge\CoreJudge.Infrastructure\CoreJudge.Infrastructure.csproj", "{480CC48D-4E85-4FDF-AC53-0F15DB66599E}"
EndProject
Project("{FAE04EC0-301F-11D3-BF4B-00C04F79EFBC}") = "API.Gateway", "Gateways\API.Gateway\API.Gateway.csproj", "{1583CD30-16B1-4FB5-9BA8-66E951717DA5}"
EndProject
Project("{FAE04EC0-301F-11D3-BF4B-00C04F79EFBC}") = "BuildingBlocks.Logging", "BuildingBlocks\BuildingBlocks.Logging\BuildingBlocks.Logging.csproj", "{356E21E8-B816-49FD-9087-4A1445A4E713}"
EndProject
Global
	GlobalSection(SolutionConfigurationPlatforms) = preSolution
		Debug|Any CPU = Debug|Any CPU
		Release|Any CPU = Release|Any CPU
	EndGlobalSection
	GlobalSection(ProjectConfigurationPlatforms) = postSolution
		{DC33858A-3E2F-436B-8613-B6B391394807}.Debug|Any CPU.ActiveCfg = Debug|Any CPU
		{DC33858A-3E2F-436B-8613-B6B391394807}.Debug|Any CPU.Build.0 = Debug|Any CPU
		{DC33858A-3E2F-436B-8613-B6B391394807}.Release|Any CPU.ActiveCfg = Release|Any CPU
		{DC33858A-3E2F-436B-8613-B6B391394807}.Release|Any CPU.Build.0 = Release|Any CPU
		{7C881512-B346-40A5-AA71-C413C2323BF2}.Debug|Any CPU.ActiveCfg = Debug|Any CPU
		{7C881512-B346-40A5-AA71-C413C2323BF2}.Debug|Any CPU.Build.0 = Debug|Any CPU
		{7C881512-B346-40A5-AA71-C413C2323BF2}.Release|Any CPU.ActiveCfg = Release|Any CPU
		{7C881512-B346-40A5-AA71-C413C2323BF2}.Release|Any CPU.Build.0 = Release|Any CPU
		{1DEB1EF7-EB1B-4291-A8E7-E94B53576FED}.Debug|Any CPU.ActiveCfg = Debug|Any CPU
		{1DEB1EF7-EB1B-4291-A8E7-E94B53576FED}.Debug|Any CPU.Build.0 = Debug|Any CPU
		{1DEB1EF7-EB1B-4291-A8E7-E94B53576FED}.Release|Any CPU.ActiveCfg = Release|Any CPU
		{1DEB1EF7-EB1B-4291-A8E7-E94B53576FED}.Release|Any CPU.Build.0 = Release|Any CPU
		{76D4AEC6-49B4-4B51-AA5E-544BFE57DBD1}.Debug|Any CPU.ActiveCfg = Debug|Any CPU
		{76D4AEC6-49B4-4B51-AA5E-544BFE57DBD1}.Debug|Any CPU.Build.0 = Debug|Any CPU
		{76D4AEC6-49B4-4B51-AA5E-544BFE57DBD1}.Release|Any CPU.ActiveCfg = Release|Any CPU
		{76D4AEC6-49B4-4B51-AA5E-544BFE57DBD1}.Release|Any CPU.Build.0 = Release|Any CPU
		{1AD98CDF-9A01-488D-AF9D-922D25C2DAE7}.Debug|Any CPU.ActiveCfg = Debug|Any CPU
		{1AD98CDF-9A01-488D-AF9D-922D25C2DAE7}.Debug|Any CPU.Build.0 = Debug|Any CPU
		{1AD98CDF-9A01-488D-AF9D-922D25C2DAE7}.Release|Any CPU.ActiveCfg = Release|Any CPU
		{1AD98CDF-9A01-488D-AF9D-922D25C2DAE7}.Release|Any CPU.Build.0 = Release|Any CPU
		{1BEA9752-2322-4CC3-9F54-36BC9EAEF394}.Debug|Any CPU.ActiveCfg = Debug|Any CPU
		{1BEA9752-2322-4CC3-9F54-36BC9EAEF394}.Debug|Any CPU.Build.0 = Debug|Any CPU
		{1BEA9752-2322-4CC3-9F54-36BC9EAEF394}.Release|Any CPU.ActiveCfg = Release|Any CPU
		{1BEA9752-2322-4CC3-9F54-36BC9EAEF394}.Release|Any CPU.Build.0 = Release|Any CPU
		{480CC48D-4E85-4FDF-AC53-0F15DB66599E}.Debug|Any CPU.ActiveCfg = Debug|Any CPU
		{480CC48D-4E85-4FDF-AC53-0F15DB66599E}.Debug|Any CPU.Build.0 = Debug|Any CPU
		{480CC48D-4E85-4FDF-AC53-0F15DB66599E}.Release|Any CPU.ActiveCfg = Release|Any CPU
		{480CC48D-4E85-4FDF-AC53-0F15DB66599E}.Release|Any CPU.Build.0 = Release|Any CPU
		{1583CD30-16B1-4FB5-9BA8-66E951717DA5}.Debug|Any CPU.ActiveCfg = Debug|Any CPU
		{1583CD30-16B1-4FB5-9BA8-66E951717DA5}.Debug|Any CPU.Build.0 = Debug|Any CPU
		{1583CD30-16B1-4FB5-9BA8-66E951717DA5}.Release|Any CPU.ActiveCfg = Release|Any CPU
		{1583CD30-16B1-4FB5-9BA8-66E951717DA5}.Release|Any CPU.Build.0 = Release|Any CPU
		{356E21E8-B816-49FD-9087-4A1445A4E713}.Debug|Any CPU.ActiveCfg = Debug|Any CPU
		{356E21E8-B816-49FD-9087-4A1445A4E713}.Debug|Any CPU.Build.0 = Debug|Any CPU
		{356E21E8-B816-49FD-9087-4A1445A4E713}.Release|Any CPU.ActiveCfg = Release|Any CPU
		{356E21E8-B816-49FD-9087-4A1445A4E713}.Release|Any CPU.Build.0 = Release|Any CPU
	EndGlobalSection
	GlobalSection(SolutionProperties) = preSolution
		HideSolutionNode = FALSE
	EndGlobalSection
	GlobalSection(NestedProjects) = preSolution
		{DC33858A-3E2F-436B-8613-B6B391394807} = {06511080-D0B7-4EF0-9EFE-300F2D376356}
		{7C881512-B346-40A5-AA71-C413C2323BF2} = {06511080-D0B7-4EF0-9EFE-300F2D376356}
		{07DFCBA0-8629-449C-8A1F-BCFC8759A14B} = {8AA380D3-7801-403E-93AB-4EC2137EF1EA}
		{5BDC0C14-67C5-4819-B4FC-E89F48914BE4} = {8AA380D3-7801-403E-93AB-4EC2137EF1EA}
		{1DEB1EF7-EB1B-4291-A8E7-E94B53576FED} = {07DFCBA0-8629-449C-8A1F-BCFC8759A14B}
		{76D4AEC6-49B4-4B51-AA5E-544BFE57DBD1} = {5BDC0C14-67C5-4819-B4FC-E89F48914BE4}
		{1AD98CDF-9A01-488D-AF9D-922D25C2DAE7} = {5BDC0C14-67C5-4819-B4FC-E89F48914BE4}
		{1BEA9752-2322-4CC3-9F54-36BC9EAEF394} = {5BDC0C14-67C5-4819-B4FC-E89F48914BE4}
		{480CC48D-4E85-4FDF-AC53-0F15DB66599E} = {5BDC0C14-67C5-4819-B4FC-E89F48914BE4}
		{1583CD30-16B1-4FB5-9BA8-66E951717DA5} = {6889657D-8413-45CD-A036-A056A77525EB}
		{356E21E8-B816-49FD-9087-4A1445A4E713} = {06511080-D0B7-4EF0-9EFE-300F2D376356}
	EndGlobalSection
	GlobalSection(ExtensibilityGlobals) = postSolution
		SolutionGuid = {A61EB405-481F-4770-9308-9F65BB52CE13}
	EndGlobalSection
EndGlobal
